
Microsoft Visual Studio Solution File, Format Version 12.00
# Visual Studio Version 17
VisualStudioVersion = 17.5.002.0
MinimumVisualStudioVersion = 10.0.40219.1
Project("{2150E333-8FDC-42A3-9474-1A3956D46DE8}") = "Backend", "Backend", "{CF61C1D9-8703-4D74-B80B-AA466C3DC1E3}"
EndProject
Project("{9A19103F-16F7-4668-BE54-9A1E7A4F7556}") = "User", "Backend\user\User.csproj", "{89A34DBA-5FAA-4FF9-B2DE-DA752E79A6D0}"
EndProject
Global
	GlobalSection(SolutionConfigurationPlatforms) = preSolution
		Debug|Any CPU = Debug|Any CPU
		Release|Any CPU = Release|Any CPU
	EndGlobalSection
	GlobalSection(ProjectConfigurationPlatforms) = postSolution
		{89A34DBA-5FAA-4FF9-B2DE-DA752E79A6D0}.Debug|Any CPU.ActiveCfg = Debug|Any CPU
		{89A34DBA-5FAA-4FF9-B2DE-DA752E79A6D0}.Debug|Any CPU.Build.0 = Debug|Any CPU
		{89A34DBA-5FAA-4FF9-B2DE-DA752E79A6D0}.Release|Any CPU.ActiveCfg = Release|Any CPU
		{89A34DBA-5FAA-4FF9-B2DE-DA752E79A6D0}.Release|Any CPU.Build.0 = Release|Any CPU
	EndGlobalSection
	GlobalSection(SolutionProperties) = preSolution
		HideSolutionNode = FALSE
	EndGlobalSection
	GlobalSection(NestedProjects) = preSolution
		{89A34DBA-5FAA-4FF9-B2DE-DA752E79A6D0} = {CF61C1D9-8703-4D74-B80B-AA466C3DC1E3}
	EndGlobalSection
	GlobalSection(ExtensibilityGlobals) = postSolution
		SolutionGuid = {69BAE75E-9751-435B-9AE4-702230CBCF77}
	EndGlobalSection
EndGlobal
